
Microsoft Visual Studio Solution File, Format Version 12.00
# Visual Studio Version 16
VisualStudioVersion = 16.0.30611.23
MinimumVisualStudioVersion = 10.0.40219.1
Project("{FAE04EC0-301F-11D3-BF4B-00C04F79EFBC}") = "dotNet5781_03A_7128_3442", "dotNet5781_03A_7128_3442\dotNet5781_03A_7128_3442.csproj", "{05455103-4B7E-4942-98F1-55721F80A339}"
EndProject
Global
	GlobalSection(SolutionConfigurationPlatforms) = preSolution
		Debug|Any CPU = Debug|Any CPU
		Release|Any CPU = Release|Any CPU
	EndGlobalSection
	GlobalSection(ProjectConfigurationPlatforms) = postSolution
		{05455103-4B7E-4942-98F1-55721F80A339}.Debug|Any CPU.ActiveCfg = Debug|Any CPU
		{05455103-4B7E-4942-98F1-55721F80A339}.Debug|Any CPU.Build.0 = Debug|Any CPU
		{05455103-4B7E-4942-98F1-55721F80A339}.Release|Any CPU.ActiveCfg = Release|Any CPU
		{05455103-4B7E-4942-98F1-55721F80A339}.Release|Any CPU.Build.0 = Release|Any CPU
	EndGlobalSection
	GlobalSection(SolutionProperties) = preSolution
		HideSolutionNode = FALSE
	EndGlobalSection
	GlobalSection(ExtensibilityGlobals) = postSolution
		SolutionGuid = {0A53C8A1-C756-4DCC-8772-E595001E7A49}
	EndGlobalSection
EndGlobal
